
Microsoft Visual Studio Solution File, Format Version 12.00
Project("{8BC9CEB8-8B4A-11D0-8D11-00A0C91BC942}") = "ACE-DRV", "$(SolutionDir)\HSR-inject\ACE-DRV\ACE-DRV.vcxproj", "{C18A2025-BBDF-427E-A186-303C11582DDC}"
EndProject
Global
	GlobalSection(SolutionConfigurationPlatforms) = preSolution
		Debug|Any CPU = Debug|Any CPU
		Release|Any CPU = Release|Any CPU
	EndGlobalSection
	GlobalSection(ProjectConfigurationPlatforms) = postSolution
		{C18A2025-BBDF-427E-A186-303C11582DDC}.Debug|Any CPU.ActiveCfg = Release|x64
		{C18A2025-BBDF-427E-A186-303C11582DDC}.Debug|Any CPU.Build.0 = Release|x64
		{C18A2025-BBDF-427E-A186-303C11582DDC}.Release|Any CPU.ActiveCfg = Release|x64
		{C18A2025-BBDF-427E-A186-303C11582DDC}.Release|Any CPU.Build.0 = Release|x64
	EndGlobalSection
EndGlobal
